
Microsoft Visual Studio Solution File, Format Version 12.00
# Visual Studio 14
VisualStudioVersion = 14.0.25420.1
MinimumVisualStudioVersion = 10.0.40219.1
Project("{8BC9CEB8-8B4A-11D0-8D11-00A0C91BC942}") = "CudaControl", "CudaControl\CudaControl.vcxproj", "{7DCBB95D-5C31-4C38-999C-6A9EB10E33B1}"
EndProject
Global
	GlobalSection(SolutionConfigurationPlatforms) = preSolution
		Debug|Any CPU = Debug|Any CPU
		Debug|Mixed Platforms = Debug|Mixed Platforms
		Debug|Win32 = Debug|Win32
		Debug|x64 = Debug|x64
		Debug|x86 = Debug|x86
		DebugEmulate|Any CPU = DebugEmulate|Any CPU
		DebugEmulate|Mixed Platforms = DebugEmulate|Mixed Platforms
		DebugEmulate|Win32 = DebugEmulate|Win32
		DebugEmulate|x64 = DebugEmulate|x64
		DebugEmulate|x86 = DebugEmulate|x86
		Release|Any CPU = Release|Any CPU
		Release|Mixed Platforms = Release|Mixed Platforms
		Release|Win32 = Release|Win32
		Release|x64 = Release|x64
		Release|x86 = Release|x86
		ReleaseEmulate|Any CPU = ReleaseEmulate|Any CPU
		ReleaseEmulate|Mixed Platforms = ReleaseEmulate|Mixed Platforms
		ReleaseEmulate|Win32 = ReleaseEmulate|Win32
		ReleaseEmulate|x64 = ReleaseEmulate|x64
		ReleaseEmulate|x86 = ReleaseEmulate|x86
	EndGlobalSection
	GlobalSection(ProjectConfigurationPlatforms) = postSolution
		{7DCBB95D-5C31-4C38-999C-6A9EB10E33B1}.Debug|Any CPU.ActiveCfg = Debug|Win32
		{7DCBB95D-5C31-4C38-999C-6A9EB10E33B1}.Debug|Mixed Platforms.ActiveCfg = Debug|x64
		{7DCBB95D-5C31-4C38-999C-6A9EB10E33B1}.Debug|Mixed Platforms.Build.0 = Debug|x64
		{7DCBB95D-5C31-4C38-999C-6A9EB10E33B1}.Debug|Win32.ActiveCfg = Debug|Win32
		{7DCBB95D-5C31-4C38-999C-6A9EB10E33B1}.Debug|Win32.Build.0 = Debug|Win32
		{7DCBB95D-5C31-4C38-999C-6A9EB10E33B1}.Debug|x64.ActiveCfg = Debug|x64
		{7DCBB95D-5C31-4C38-999C-6A9EB10E33B1}.Debug|x64.Build.0 = Debug|x64
		{7DCBB95D-5C31-4C38-999C-6A9EB10E33B1}.Debug|x86.ActiveCfg = Debug|x64
		{7DCBB95D-5C31-4C38-999C-6A9EB10E33B1}.DebugEmulate|Any CPU.ActiveCfg = DebugEmulate|x64
		{7DCBB95D-5C31-4C38-999C-6A9EB10E33B1}.DebugEmulate|Any CPU.Build.0 = DebugEmulate|x64
		{7DCBB95D-5C31-4C38-999C-6A9EB10E33B1}.DebugEmulate|Mixed Platforms.ActiveCfg = DebugEmulate|x64
		{7DCBB95D-5C31-4C38-999C-6A9EB10E33B1}.DebugEmulate|Mixed Platforms.Build.0 = DebugEmulate|x64
		{7DCBB95D-5C31-4C38-999C-6A9EB10E33B1}.DebugEmulate|Win32.ActiveCfg = DebugEmulate|Win32
		{7DCBB95D-5C31-4C38-999C-6A9EB10E33B1}.DebugEmulate|Win32.Build.0 = DebugEmulate|Win32
		{7DCBB95D-5C31-4C38-999C-6A9EB10E33B1}.DebugEmulate|x64.ActiveCfg = DebugEmulate|x64
		{7DCBB95D-5C31-4C38-999C-6A9EB10E33B1}.DebugEmulate|x64.Build.0 = DebugEmulate|x64
		{7DCBB95D-5C31-4C38-999C-6A9EB10E33B1}.DebugEmulate|x86.ActiveCfg = DebugEmulate|x64
		{7DCBB95D-5C31-4C38-999C-6A9EB10E33B1}.Release|Any CPU.ActiveCfg = Release|Win32
		{7DCBB95D-5C31-4C38-999C-6A9EB10E33B1}.Release|Mixed Platforms.ActiveCfg = Release|x64
		{7DCBB95D-5C31-4C38-999C-6A9EB10E33B1}.Release|Mixed Platforms.Build.0 = Release|x64
		{7DCBB95D-5C31-4C38-999C-6A9EB10E33B1}.Release|Win32.ActiveCfg = Release|Win32
		{7DCBB95D-5C31-4C38-999C-6A9EB10E33B1}.Release|Win32.Build.0 = Release|Win32
		{7DCBB95D-5C31-4C38-999C-6A9EB10E33B1}.Release|x64.ActiveCfg = Release|x64
		{7DCBB95D-5C31-4C38-999C-6A9EB10E33B1}.Release|x64.Build.0 = Release|x64
		{7DCBB95D-5C31-4C38-999C-6A9EB10E33B1}.Release|x86.ActiveCfg = Release|x64
		{7DCBB95D-5C31-4C38-999C-6A9EB10E33B1}.ReleaseEmulate|Any CPU.ActiveCfg = ReleaseEmulate|x64
		{7DCBB95D-5C31-4C38-999C-6A9EB10E33B1}.ReleaseEmulate|Mixed Platforms.ActiveCfg = ReleaseEmulate|x64
		{7DCBB95D-5C31-4C38-999C-6A9EB10E33B1}.ReleaseEmulate|Mixed Platforms.Build.0 = ReleaseEmulate|x64
		{7DCBB95D-5C31-4C38-999C-6A9EB10E33B1}.ReleaseEmulate|Win32.ActiveCfg = ReleaseEmulate|Win32
		{7DCBB95D-5C31-4C38-999C-6A9EB10E33B1}.ReleaseEmulate|Win32.Build.0 = ReleaseEmulate|Win32
		{7DCBB95D-5C31-4C38-999C-6A9EB10E33B1}.ReleaseEmulate|x64.ActiveCfg = ReleaseEmulate|x64
		{7DCBB95D-5C31-4C38-999C-6A9EB10E33B1}.ReleaseEmulate|x64.Build.0 = ReleaseEmulate|x64
		{7DCBB95D-5C31-4C38-999C-6A9EB10E33B1}.ReleaseEmulate|x86.ActiveCfg = ReleaseEmulate|x64
	EndGlobalSection
	GlobalSection(SolutionProperties) = preSolution
		HideSolutionNode = FALSE
	EndGlobalSection
	GlobalSection(TestCaseManagementSettings) = postSolution
		CategoryFile = CudaControl.vsmdi
	EndGlobalSection
EndGlobal
